
Microsoft Visual Studio Solution File, Format Version 12.00
# Visual Studio Version 17
VisualStudioVersion = 17.4.33403.182
MinimumVisualStudioVersion = 10.0.40219.1
Project("{9A19103F-16F7-4668-BE54-9A1E7A4F7556}") = "KursiWebUI", "KursiWebUI.csproj", "{BEFF13DF-8EB8-429F-BD57-37AB8B52AC92}"
EndProject
Global
	GlobalSection(SolutionConfigurationPlatforms) = preSolution
		Debug|Any CPU = Debug|Any CPU
		Release|Any CPU = Release|Any CPU
	EndGlobalSection
	GlobalSection(ProjectConfigurationPlatforms) = postSolution
		{BEFF13DF-8EB8-429F-BD57-37AB8B52AC92}.Debug|Any CPU.ActiveCfg = Debug|Any CPU
		{BEFF13DF-8EB8-429F-BD57-37AB8B52AC92}.Debug|Any CPU.Build.0 = Debug|Any CPU
		{BEFF13DF-8EB8-429F-BD57-37AB8B52AC92}.Release|Any CPU.ActiveCfg = Release|Any CPU
		{BEFF13DF-8EB8-429F-BD57-37AB8B52AC92}.Release|Any CPU.Build.0 = Release|Any CPU
	EndGlobalSection
	GlobalSection(SolutionProperties) = preSolution
		HideSolutionNode = FALSE
	EndGlobalSection
	GlobalSection(ExtensibilityGlobals) = postSolution
		SolutionGuid = {2EF89936-F2F8-42FC-8485-86AE5AE57084}
	EndGlobalSection
EndGlobal
